<?xml version="1.0" encoding="utf-8"?>
<Project ToolsVersion="4.0" xmlns:atg="http://atg.xbox.com" xmlns="http://schemas.microsoft.com/developer/msbuild/2003">
  <ItemGroup>
    <Filter Include="Resource Files">
      <UniqueIdentifier>{8e114980-c1a3-4ada-ad7c-83caadf5daeb}</UniqueIdentifier>
      <Extensions>rc;ico;cur;bmp;dlg;rc2;rct;bin;rgs;gif;jpg;jpeg;jpe</Extensions>
    </Filter>
    <Filter Include="DXUT">
      <UniqueIdentifier>{a43c5c25-0e86-4a20-b64a-883785ff74fd}</UniqueIdentifier>
    </Filter>
    <Filter Include="Shaders">
      <UniqueIdentifier>{2c3d4c8c-5d1a-459a-a05a-a4e4b608a44e}</UniqueIdentifier>
      <Extensions>fx;fxh;hlsl</Extensions>
    </Filter>
    <Filter Include="Media">
      <UniqueIdentifier>{27adc1d9-01bf-4dfa-be01-f0afdc2b87fc}</UniqueIdentifier>
    </Filter>
    <Filter Include="CallBack">
      <UniqueIdentifier>{881089e6-fd7e-465d-892c-ec2770a31f7d}</UniqueIdentifier>
    </Filter>
  </ItemGroup>
  <ItemGroup>
    <None Include="DXUT\Optional\directx.ico">
      <Filter>Resource Files</Filter>
    </None>
    <ClInclude Include="DXUT\Core\DXUT.h">
      <Filter>DXUT</Filter>
    </ClInclude>
    <ClInclude Include="DXUT\Core\DXUTDevice11.h">
      <Filter>DXUT</Filter>
    </ClInclude>
    <ClInclude Include="DXUT\Core\DXUTDevice9.h">
      <Filter>DXUT</Filter>
    </ClInclude>
    <ClInclude Include="DXUT\Core\DXUTmisc.h">
      <Filter>DXUT</Filter>
    </ClInclude>
    <ClCompile Include="DXUT\Core\DXUT.cpp">
      <Filter>DXUT</Filter>
    </ClCompile>
    <ClCompile Include="DXUT\Core\DXUTDevice11.cpp">
      <Filter>DXUT</Filter>
    </ClCompile>
    <ClCompile Include="DXUT\Core\DXUTDevice9.cpp">
      <Filter>DXUT</Filter>
    </ClCompile>
    <ClCompile Include="DXUT\Core\DXUTmisc.cpp">
      <Filter>DXUT</Filter>
    </ClCompile>
    <ClInclude Include="DXUT\Optional\DXUTcamera.h">
      <Filter>DXUT</Filter>
    </ClInclude>
    <ClInclude Include="DXUT\Optional\DXUTgui.h">
      <Filter>DXUT</Filter>
    </ClInclude>
    <ClInclude Include="DXUT\Optional\DXUTres.h">
      <Filter>DXUT</Filter>
    </ClInclude>
    <ClInclude Include="DXUT\Optional\DXUTsettingsdlg.h">
      <Filter>DXUT</Filter>
    </ClInclude>
    <ClInclude Include="DXUT\Optional\SDKmesh.h">
      <Filter>DXUT</Filter>
    </ClInclude>
    <ClInclude Include="DXUT\Optional\SDKmisc.h">
      <Filter>DXUT</Filter>
    </ClInclude>
    <ClCompile Include="DXUT\Optional\DXUTcamera.cpp">
      <Filter>DXUT</Filter>
    </ClCompile>
    <ClCompile Include="DXUT\Optional\DXUTgui.cpp">
      <Filter>DXUT</Filter>
    </ClCompile>
    <ClCompile Include="DXUT\Optional\DXUTres.cpp">
      <Filter>DXUT</Filter>
    </ClCompile>
    <ClCompile Include="DXUT\Optional\DXUTsettingsdlg.cpp">
      <Filter>DXUT</Filter>
    </ClCompile>
    <ClCompile Include="DXUT\Optional\SDKmesh.cpp">
      <Filter>DXUT</Filter>
    </ClCompile>
    <ClCompile Include="DXUT\Optional\SDKmisc.cpp">
      <Filter>DXUT</Filter>
    </ClCompile>
    <None Include="Media\UI\arrow.x">
      <Filter>Media</Filter>
    </None>
    <None Include="packages.config" />
  </ItemGroup>
  <ItemGroup>
    <ClCompile Include="Main.cpp" />
    <ClCompile Include="HlslEffect.cpp" />
    <ClCompile Include="ConstantBuffer.h" />
    <ClCompile Include="CreateDestroyDevice.cpp">
      <Filter>CallBack</Filter>
    </ClCompile>
    <ClCompile Include="MsgProccess.cpp">
      <Filter>CallBack</Filter>
    </ClCompile>
    <ClCompile Include="Render.cpp">
      <Filter>CallBack</Filter>
    </ClCompile>
    <ClCompile Include="SwapChain.cpp">
      <Filter>CallBack</Filter>
    </ClCompile>
    <ClCompile Include="DrawCalls.cpp">
      <Filter>CallBack</Filter>
    </ClCompile>
    <ClCompile Include="Camera.cpp">
      <Filter>CallBack</Filter>
    </ClCompile>
    <ClCompile Include="model.cpp">
      <Filter>CallBack</Filter>
    </ClCompile>
  </ItemGroup>
  <ItemGroup>
    <CLInclude Include="resource.h">
      <Filter>Resource Files</Filter>
    </CLInclude>
    <ResourceCompile Include="DetailTessellation11.rc">
      <Filter>Resource Files</Filter>
    </ResourceCompile>
    <ClInclude Include="main.h" />
    <ClInclude Include="AppBuffers.h" />
  </ItemGroup>
  <ItemGroup>
    <Image Include="Media\Textures\concrete.bmp">
      <Filter>Resource Files</Filter>
    </Image>
    <Image Include="Media\Textures\rocks.jpg">
      <Filter>Resource Files</Filter>
    </Image>
    <Image Include="Media\Textures\stones.bmp">
      <Filter>Resource Files</Filter>
    </Image>
    <Image Include="Media\Textures\wall.jpg">
      <Filter>Resource Files</Filter>
    </Image>
    <Image Include="Media\Textures\wood.jpg">
      <Filter>Resource Files</Filter>
    </Image>
    <Image Include="Media\Textures\bump_NM_height.DDS">
      <Filter>Media</Filter>
    </Image>
    <Image Include="Media\Textures\bump_NM_height_density.dds">
      <Filter>Media</Filter>
    </Image>
    <Image Include="Media\Textures\dent_NM_height.DDS">
      <Filter>Media</Filter>
    </Image>
    <Image Include="Media\Textures\dent_NM_height_density.dds">
      <Filter>Media</Filter>
    </Image>
    <Image Include="Media\UI\dxutcontrols.dds">
      <Filter>Media</Filter>
    </Image>
    <Image Include="Media\UI\Font.dds">
      <Filter>Media</Filter>
    </Image>
    <Image Include="Media\Textures\four_NM_height.DDS">
      <Filter>Media</Filter>
    </Image>
    <Image Include="Media\Textures\four_NM_height_density.dds">
      <Filter>Media</Filter>
    </Image>
    <Image Include="Media\Textures\Particle.dds">
      <Filter>Media</Filter>
    </Image>
    <Image Include="Media\Textures\rocks_NM_height.dds">
      <Filter>Media</Filter>
    </Image>
    <Image Include="Media\Textures\rocks_NM_height_density.dds">
      <Filter>Media</Filter>
    </Image>
    <Image Include="Media\Textures\saint_NM_height.DDS">
      <Filter>Media</Filter>
    </Image>
    <Image Include="Media\Textures\saint_NM_height_density.dds">
      <Filter>Media</Filter>
    </Image>
    <Image Include="Media\Textures\stones_NM_height.dds">
      <Filter>Media</Filter>
    </Image>
    <Image Include="Media\Textures\stones_NM_height_density.dds">
      <Filter>Media</Filter>
    </Image>
    <Image Include="Media\Textures\wall_NM_height.DDS">
      <Filter>Media</Filter>
    </Image>
    <Image Include="Media\Textures\wall_NM_height_density.dds">
      <Filter>Media</Filter>
    </Image>
  </ItemGroup>
  <ItemGroup>
    <FxCompile Include="QuadGS.hlsl">
      <Filter>Shaders</Filter>
    </FxCompile>
    <FxCompile Include="QuadPS.hlsl">
      <Filter>Shaders</Filter>
    </FxCompile>
    <FxCompile Include="QuadVS.hlsl">
      <Filter>Shaders</Filter>
    </FxCompile>
    <FxCompile Include="ModelPS.hlsl">
      <Filter>Shaders</Filter>
    </FxCompile>
    <FxCompile Include="ModelVS.hlsl">
      <Filter>Shaders</Filter>
    </FxCompile>
  </ItemGroup>
</Project>